// !$*UTF8*$!
{
	archiveVersion = 1;
	classes = {
	};
	objectVersion = 46;
	objects = {

/* Begin PBXBuildFile section */
		03E472B9127E0D610093B3A0 /* local_image_2.jpg in Resources */ = {isa = PBXBuildFile; fileRef = 03E472B8127E0D610093B3A0 /* local_image_2.jpg */; };
		1D3623260D0F684500981E51 /* EGOPhotoViewer_DemoAppDelegate.m in Sources */ = {isa = PBXBuildFile; fileRef = 1D3623250D0F684500981E51 /* EGOPhotoViewer_DemoAppDelegate.m */; };
		1D60589B0D05DD56006BFB54 /* main.m in Sources */ = {isa = PBXBuildFile; fileRef = 29B97316FDCFA39411CA2CEA /* main.m */; };
		2804200B108E984D000629CD /* RootViewController.m in Sources */ = {isa = PBXBuildFile; fileRef = 28042008108E984D000629CD /* RootViewController.m */; };
		2804200C108E984D000629CD /* DetailViewController.m in Sources */ = {isa = PBXBuildFile; fileRef = 2804200A108E984D000629CD /* DetailViewController.m */; };
		2804203C108E9BAB000629CD /* DetailView.xib in Resources */ = {isa = PBXBuildFile; fileRef = 2804203B108E9BAB000629CD /* DetailView.xib */; };
		28AD73600D9D9599002E5188 /* MainWindow.xib in Resources */ = {isa = PBXBuildFile; fileRef = 28AD735F0D9D9599002E5188 /* MainWindow.xib */; };
		8CDEDAEF131BEBFF0014387B /* EGOPhotoViewController.m in Sources */ = {isa = PBXBuildFile; fileRef = 8CDEDABA131BEBFF0014387B /* EGOPhotoViewController.m */; };
		8CDEDAF0131BEBFF0014387B /* EGOThumbsViewController.m in Sources */ = {isa = PBXBuildFile; fileRef = 8CDEDABD131BEBFF0014387B /* EGOThumbsViewController.m */; };
		8CDEDAF1131BEBFF0014387B /* EGOCache.m in Sources */ = {isa = PBXBuildFile; fileRef = 8CDEDAC2131BEBFF0014387B /* EGOCache.m */; };
		8CDEDAF2131BEBFF0014387B /* EGOImageLoadConnection.m in Sources */ = {isa = PBXBuildFile; fileRef = 8CDEDAC5131BEBFF0014387B /* EGOImageLoadConnection.m */; };
		8CDEDAF3131BEBFF0014387B /* EGOImageLoader.m in Sources */ = {isa = PBXBuildFile; fileRef = 8CDEDAC7131BEBFF0014387B /* EGOImageLoader.m */; };
		8CDEDAF4131BEBFF0014387B /* EGOQuickPhoto.m in Sources */ = {isa = PBXBuildFile; fileRef = 8CDEDACD131BEBFF0014387B /* EGOQuickPhoto.m */; };
		8CDEDAF5131BEBFF0014387B /* EGOQuickPhotoSource.m in Sources */ = {isa = PBXBuildFile; fileRef = 8CDEDACF131BEBFF0014387B /* EGOQuickPhotoSource.m */; };
		8CDEDAF6131BEBFF0014387B /* EGOStoredBarStyles.m in Sources */ = {isa = PBXBuildFile; fileRef = 8CDEDAD2131BEBFF0014387B /* EGOStoredBarStyles.m */; };
		8CDEDAF7131BEBFF0014387B /* egopv_error_placeholder.png in Resources */ = {isa = PBXBuildFile; fileRef = 8CDEDAD4131BEBFF0014387B /* egopv_error_placeholder.png */; };
		8CDEDAF8131BEBFF0014387B /* egopv_error_placeholder@2x.png in Resources */ = {isa = PBXBuildFile; fileRef = 8CDEDAD5131BEBFF0014387B /* egopv_error_placeholder@2x.png */; };
		8CDEDAF9131BEBFF0014387B /* egopv_fullscreen_button.png in Resources */ = {isa = PBXBuildFile; fileRef = 8CDEDAD6131BEBFF0014387B /* egopv_fullscreen_button.png */; };
		8CDEDAFA131BEBFF0014387B /* egopv_fullscreen_button@2x.png in Resources */ = {isa = PBXBuildFile; fileRef = 8CDEDAD7131BEBFF0014387B /* egopv_fullscreen_button@2x.png */; };
		8CDEDAFB131BEBFF0014387B /* egopv_left.png in Resources */ = {isa = PBXBuildFile; fileRef = 8CDEDAD8131BEBFF0014387B /* egopv_left.png */; };
		8CDEDAFC131BEBFF0014387B /* egopv_left@2x.png in Resources */ = {isa = PBXBuildFile; fileRef = 8CDEDAD9131BEBFF0014387B /* egopv_left@2x.png */; };
		8CDEDAFD131BEBFF0014387B /* egopv_minimize_fullscreen_button.png in Resources */ = {isa = PBXBuildFile; fileRef = 8CDEDADA131BEBFF0014387B /* egopv_minimize_fullscreen_button.png */; };
		8CDEDAFE131BEBFF0014387B /* egopv_photo_placeholder.png in Resources */ = {isa = PBXBuildFile; fileRef = 8CDEDADB131BEBFF0014387B /* egopv_photo_placeholder.png */; };
		8CDEDAFF131BEBFF0014387B /* egopv_photo_placeholder@2x.png in Resources */ = {isa = PBXBuildFile; fileRef = 8CDEDADC131BEBFF0014387B /* egopv_photo_placeholder@2x.png */; };
		8CDEDB00131BEBFF0014387B /* egopv_right.png in Resources */ = {isa = PBXBuildFile; fileRef = 8CDEDADD131BEBFF0014387B /* egopv_right.png */; };
		8CDEDB01131BEBFF0014387B /* egopv_right@2x.png in Resources */ = {isa = PBXBuildFile; fileRef = 8CDEDADE131BEBFF0014387B /* egopv_right@2x.png */; };
		8CDEDB02131BEBFF0014387B /* EGOPhotoCaptionView.m in Sources */ = {isa = PBXBuildFile; fileRef = 8CDEDAE2131BEBFF0014387B /* EGOPhotoCaptionView.m */; };
		8CDEDB03131BEBFF0014387B /* EGOPhotoImageView.m in Sources */ = {isa = PBXBuildFile; fileRef = 8CDEDAE5131BEBFF0014387B /* EGOPhotoImageView.m */; };
		8CDEDB04131BEBFF0014387B /* EGOPhotoScrollView.m in Sources */ = {isa = PBXBuildFile; fileRef = 8CDEDAE8131BEBFF0014387B /* EGOPhotoScrollView.m */; };
		8CDEDB05131BEBFF0014387B /* EGOThumbImageView.m in Sources */ = {isa = PBXBuildFile; fileRef = 8CDEDAEB131BEBFF0014387B /* EGOThumbImageView.m */; };
		8CDEDB06131BEBFF0014387B /* EGOThumbsScrollView.m in Sources */ = {isa = PBXBuildFile; fileRef = 8CDEDAEE131BEBFF0014387B /* EGOThumbsScrollView.m */; };
		D0B84E7711DFFD5000F4CEF6 /* MyPhoto.m in Sources */ = {isa = PBXBuildFile; fileRef = D0B84E7411DFFD5000F4CEF6 /* MyPhoto.m */; };
		D0B84E7811DFFD5000F4CEF6 /* MyPhotoSource.m in Sources */ = {isa = PBXBuildFile; fileRef = D0B84E7611DFFD5000F4CEF6 /* MyPhotoSource.m */; };
		D0B84E9411DFFDF800F4CEF6 /* RootViewController_iPhone.m in Sources */ = {isa = PBXBuildFile; fileRef = D0B84E9211DFFDF800F4CEF6 /* RootViewController_iPhone.m */; };
		D0B84E9511DFFDF800F4CEF6 /* RootViewController_iPhone.xib in Resources */ = {isa = PBXBuildFile; fileRef = D0B84E9311DFFDF800F4CEF6 /* RootViewController_iPhone.xib */; };
		D0B84EE611DFFF6200F4CEF6 /* photosButton.png in Resources */ = {isa = PBXBuildFile; fileRef = D0B84EE511DFFF6200F4CEF6 /* photosButton.png */; };
		D0B84EE911DFFF6700F4CEF6 /* local_image_1.jpg in Resources */ = {isa = PBXBuildFile; fileRef = D0B84EE711DFFF6700F4CEF6 /* local_image_1.jpg */; };
		D0B84F0D11E0004800F4CEF6 /* MainWindowiPhone.xib in Resources */ = {isa = PBXBuildFile; fileRef = D0B84F0C11E0004800F4CEF6 /* MainWindowiPhone.xib */; };
		D0FC1D1A12761B16006C2A0F /* Foundation.framework in Frameworks */ = {isa = PBXBuildFile; fileRef = D0FC1D1912761B16006C2A0F /* Foundation.framework */; };
		D0FC1D1E12761B1C006C2A0F /* UIKit.framework in Frameworks */ = {isa = PBXBuildFile; fileRef = D0FC1D1D12761B1C006C2A0F /* UIKit.framework */; };
		D0FC1D2012761B22006C2A0F /* CoreGraphics.framework in Frameworks */ = {isa = PBXBuildFile; fileRef = D0FC1D1F12761B22006C2A0F /* CoreGraphics.framework */; };
		D0FC1D2212761B27006C2A0F /* QuartzCore.framework in Frameworks */ = {isa = PBXBuildFile; fileRef = D0FC1D2112761B27006C2A0F /* QuartzCore.framework */; };
		D0FC1D2412761B2D006C2A0F /* MessageUI.framework in Frameworks */ = {isa = PBXBuildFile; fileRef = D0FC1D2312761B2D006C2A0F /* MessageUI.framework */; };
/* End PBXBuildFile section */

/* Begin PBXFileReference section */
		03E472B8127E0D610093B3A0 /* local_image_2.jpg */ = {isa = PBXFileReference; lastKnownFileType = image.jpeg; path = local_image_2.jpg; sourceTree = "<group>"; };
		1D3623240D0F684500981E51 /* EGOPhotoViewer_DemoAppDelegate.h */ = {isa = PBXFileReference; fileEncoding = 4; lastKnownFileType = sourcecode.c.h; path = EGOPhotoViewer_DemoAppDelegate.h; sourceTree = "<group>"; };
		1D3623250D0F684500981E51 /* EGOPhotoViewer_DemoAppDelegate.m */ = {isa = PBXFileReference; fileEncoding = 4; lastKnownFileType = sourcecode.c.objc; path = EGOPhotoViewer_DemoAppDelegate.m; sourceTree = "<group>"; };
		1D6058910D05DD3D006BFB54 /* EGOPhotoViewer_Demo.app */ = {isa = PBXFileReference; explicitFileType = wrapper.application; includeInIndex = 0; path = EGOPhotoViewer_Demo.app; sourceTree = BUILT_PRODUCTS_DIR; };
		28042007108E984D000629CD /* RootViewController.h */ = {isa = PBXFileReference; fileEncoding = 4; lastKnownFileType = sourcecode.c.h; path = RootViewController.h; sourceTree = "<group>"; };
		28042008108E984D000629CD /* RootViewController.m */ = {isa = PBXFileReference; fileEncoding = 4; lastKnownFileType = sourcecode.c.objc; path = RootViewController.m; sourceTree = "<group>"; };
		28042009108E984D000629CD /* DetailViewController.h */ = {isa = PBXFileReference; fileEncoding = 4; lastKnownFileType = sourcecode.c.h; path = DetailViewController.h; sourceTree = "<group>"; };
		2804200A108E984D000629CD /* DetailViewController.m */ = {isa = PBXFileReference; fileEncoding = 4; lastKnownFileType = sourcecode.c.objc; path = DetailViewController.m; sourceTree = "<group>"; };
		2804203B108E9BAB000629CD /* DetailView.xib */ = {isa = PBXFileReference; lastKnownFileType = file.xib; path = DetailView.xib; sourceTree = "<group>"; };
		28A0AAE50D9B0CCF005BE974 /* EGOPhotoViewer_Demo_Prefix.pch */ = {isa = PBXFileReference; fileEncoding = 4; lastKnownFileType = sourcecode.c.h; path = EGOPhotoViewer_Demo_Prefix.pch; sourceTree = "<group>"; };
		28AD735F0D9D9599002E5188 /* MainWindow.xib */ = {isa = PBXFileReference; lastKnownFileType = file.xib; path = MainWindow.xib; sourceTree = "<group>"; };
		29B97316FDCFA39411CA2CEA /* main.m */ = {isa = PBXFileReference; fileEncoding = 4; lastKnownFileType = sourcecode.c.objc; path = main.m; sourceTree = "<group>"; };
		8CDEDAB9131BEBFF0014387B /* EGOPhotoViewController.h */ = {isa = PBXFileReference; fileEncoding = 4; lastKnownFileType = sourcecode.c.h; path = EGOPhotoViewController.h; sourceTree = "<group>"; };
		8CDEDABA131BEBFF0014387B /* EGOPhotoViewController.m */ = {isa = PBXFileReference; fileEncoding = 4; lastKnownFileType = sourcecode.c.objc; path = EGOPhotoViewController.m; sourceTree = "<group>"; };
		8CDEDABC131BEBFF0014387B /* EGOThumbsViewController.h */ = {isa = PBXFileReference; fileEncoding = 4; lastKnownFileType = sourcecode.c.h; path = EGOThumbsViewController.h; sourceTree = "<group>"; };
		8CDEDABD131BEBFF0014387B /* EGOThumbsViewController.m */ = {isa = PBXFileReference; fileEncoding = 4; lastKnownFileType = sourcecode.c.objc; path = EGOThumbsViewController.m; sourceTree = "<group>"; };
		8CDEDABE131BEBFF0014387B /* EGOPhotoGlobal.h */ = {isa = PBXFileReference; fileEncoding = 4; lastKnownFileType = sourcecode.c.h; name = EGOPhotoGlobal.h; path = ../EGOPhotoViewer/EGOPhotoGlobal.h; sourceTree = SOURCE_ROOT; };
		8CDEDAC1131BEBFF0014387B /* EGOCache.h */ = {isa = PBXFileReference; fileEncoding = 4; lastKnownFileType = sourcecode.c.h; path = EGOCache.h; sourceTree = "<group>"; };
		8CDEDAC2131BEBFF0014387B /* EGOCache.m */ = {isa = PBXFileReference; fileEncoding = 4; lastKnownFileType = sourcecode.c.objc; path = EGOCache.m; sourceTree = "<group>"; };
		8CDEDAC4131BEBFF0014387B /* EGOImageLoadConnection.h */ = {isa = PBXFileReference; fileEncoding = 4; lastKnownFileType = sourcecode.c.h; path = EGOImageLoadConnection.h; sourceTree = "<group>"; };
		8CDEDAC5131BEBFF0014387B /* EGOImageLoadConnection.m */ = {isa = PBXFileReference; fileEncoding = 4; lastKnownFileType = sourcecode.c.objc; path = EGOImageLoadConnection.m; sourceTree = "<group>"; };
		8CDEDAC6131BEBFF0014387B /* EGOImageLoader.h */ = {isa = PBXFileReference; fileEncoding = 4; lastKnownFileType = sourcecode.c.h; path = EGOImageLoader.h; sourceTree = "<group>"; };
		8CDEDAC7131BEBFF0014387B /* EGOImageLoader.m */ = {isa = PBXFileReference; fileEncoding = 4; lastKnownFileType = sourcecode.c.objc; path = EGOImageLoader.m; sourceTree = "<group>"; };
		8CDEDACA131BEBFF0014387B /* EGOPhotoSource.h */ = {isa = PBXFileReference; fileEncoding = 4; lastKnownFileType = sourcecode.c.h; path = EGOPhotoSource.h; sourceTree = "<group>"; };
		8CDEDACC131BEBFF0014387B /* EGOQuickPhoto.h */ = {isa = PBXFileReference; fileEncoding = 4; lastKnownFileType = sourcecode.c.h; path = EGOQuickPhoto.h; sourceTree = "<group>"; };
		8CDEDACD131BEBFF0014387B /* EGOQuickPhoto.m */ = {isa = PBXFileReference; fileEncoding = 4; lastKnownFileType = sourcecode.c.objc; path = EGOQuickPhoto.m; sourceTree = "<group>"; };
		8CDEDACE131BEBFF0014387B /* EGOQuickPhotoSource.h */ = {isa = PBXFileReference; fileEncoding = 4; lastKnownFileType = sourcecode.c.h; path = EGOQuickPhotoSource.h; sourceTree = "<group>"; };
		8CDEDACF131BEBFF0014387B /* EGOQuickPhotoSource.m */ = {isa = PBXFileReference; fileEncoding = 4; lastKnownFileType = sourcecode.c.objc; path = EGOQuickPhotoSource.m; sourceTree = "<group>"; };
		8CDEDAD1131BEBFF0014387B /* EGOStoredBarStyles.h */ = {isa = PBXFileReference; fileEncoding = 4; lastKnownFileType = sourcecode.c.h; path = EGOStoredBarStyles.h; sourceTree = "<group>"; };
		8CDEDAD2131BEBFF0014387B /* EGOStoredBarStyles.m */ = {isa = PBXFileReference; fileEncoding = 4; lastKnownFileType = sourcecode.c.objc; path = EGOStoredBarStyles.m; sourceTree = "<group>"; };
		8CDEDAD4131BEBFF0014387B /* egopv_error_placeholder.png */ = {isa = PBXFileReference; lastKnownFileType = image.png; path = egopv_error_placeholder.png; sourceTree = "<group>"; };
		8CDEDAD5131BEBFF0014387B /* egopv_error_placeholder@2x.png */ = {isa = PBXFileReference; lastKnownFileType = image.png; path = "egopv_error_placeholder@2x.png"; sourceTree = "<group>"; };
		8CDEDAD6131BEBFF0014387B /* egopv_fullscreen_button.png */ = {isa = PBXFileReference; lastKnownFileType = image.png; path = egopv_fullscreen_button.png; sourceTree = "<group>"; };
		8CDEDAD7131BEBFF0014387B /* egopv_fullscreen_button@2x.png */ = {isa = PBXFileReference; lastKnownFileType = image.png; path = "egopv_fullscreen_button@2x.png"; sourceTree = "<group>"; };
		8CDEDAD8131BEBFF0014387B /* egopv_left.png */ = {isa = PBXFileReference; lastKnownFileType = image.png; path = egopv_left.png; sourceTree = "<group>"; };
		8CDEDAD9131BEBFF0014387B /* egopv_left@2x.png */ = {isa = PBXFileReference; lastKnownFileType = image.png; path = "egopv_left@2x.png"; sourceTree = "<group>"; };
		8CDEDADA131BEBFF0014387B /* egopv_minimize_fullscreen_button.png */ = {isa = PBXFileReference; lastKnownFileType = image.png; path = egopv_minimize_fullscreen_button.png; sourceTree = "<group>"; };
		8CDEDADB131BEBFF0014387B /* egopv_photo_placeholder.png */ = {isa = PBXFileReference; lastKnownFileType = image.png; path = egopv_photo_placeholder.png; sourceTree = "<group>"; };
		8CDEDADC131BEBFF0014387B /* egopv_photo_placeholder@2x.png */ = {isa = PBXFileReference; lastKnownFileType = image.png; path = "egopv_photo_placeholder@2x.png"; sourceTree = "<group>"; };
		8CDEDADD131BEBFF0014387B /* egopv_right.png */ = {isa = PBXFileReference; lastKnownFileType = image.png; path = egopv_right.png; sourceTree = "<group>"; };
		8CDEDADE131BEBFF0014387B /* egopv_right@2x.png */ = {isa = PBXFileReference; lastKnownFileType = image.png; path = "egopv_right@2x.png"; sourceTree = "<group>"; };
		8CDEDAE1131BEBFF0014387B /* EGOPhotoCaptionView.h */ = {isa = PBXFileReference; fileEncoding = 4; lastKnownFileType = sourcecode.c.h; path = EGOPhotoCaptionView.h; sourceTree = "<group>"; };
		8CDEDAE2131BEBFF0014387B /* EGOPhotoCaptionView.m */ = {isa = PBXFileReference; fileEncoding = 4; lastKnownFileType = sourcecode.c.objc; path = EGOPhotoCaptionView.m; sourceTree = "<group>"; };
		8CDEDAE4131BEBFF0014387B /* EGOPhotoImageView.h */ = {isa = PBXFileReference; fileEncoding = 4; lastKnownFileType = sourcecode.c.h; path = EGOPhotoImageView.h; sourceTree = "<group>"; };
		8CDEDAE5131BEBFF0014387B /* EGOPhotoImageView.m */ = {isa = PBXFileReference; fileEncoding = 4; lastKnownFileType = sourcecode.c.objc; path = EGOPhotoImageView.m; sourceTree = "<group>"; };
		8CDEDAE7131BEBFF0014387B /* EGOPhotoScrollView.h */ = {isa = PBXFileReference; fileEncoding = 4; lastKnownFileType = sourcecode.c.h; path = EGOPhotoScrollView.h; sourceTree = "<group>"; };
		8CDEDAE8131BEBFF0014387B /* EGOPhotoScrollView.m */ = {isa = PBXFileReference; fileEncoding = 4; lastKnownFileType = sourcecode.c.objc; path = EGOPhotoScrollView.m; sourceTree = "<group>"; };
		8CDEDAEA131BEBFF0014387B /* EGOThumbImageView.h */ = {isa = PBXFileReference; fileEncoding = 4; lastKnownFileType = sourcecode.c.h; path = EGOThumbImageView.h; sourceTree = "<group>"; };
		8CDEDAEB131BEBFF0014387B /* EGOThumbImageView.m */ = {isa = PBXFileReference; fileEncoding = 4; lastKnownFileType = sourcecode.c.objc; path = EGOThumbImageView.m; sourceTree = "<group>"; };
		8CDEDAED131BEBFF0014387B /* EGOThumbsScrollView.h */ = {isa = PBXFileReference; fileEncoding = 4; lastKnownFileType = sourcecode.c.h; path = EGOThumbsScrollView.h; sourceTree = "<group>"; };
		8CDEDAEE131BEBFF0014387B /* EGOThumbsScrollView.m */ = {isa = PBXFileReference; fileEncoding = 4; lastKnownFileType = sourcecode.c.objc; path = EGOThumbsScrollView.m; sourceTree = "<group>"; };
		8D1107310486CEB800E47090 /* EGOPhotoViewer_Demo-Info.plist */ = {isa = PBXFileReference; fileEncoding = 4; lastKnownFileType = text.plist.xml; path = "EGOPhotoViewer_Demo-Info.plist"; plistStructureDefinitionIdentifier = "com.apple.xcode.plist.structure-definition.iphone.info-plist"; sourceTree = "<group>"; };
		D0B84E7311DFFD5000F4CEF6 /* MyPhoto.h */ = {isa = PBXFileReference; fileEncoding = 4; lastKnownFileType = sourcecode.c.h; path = MyPhoto.h; sourceTree = "<group>"; };
		D0B84E7411DFFD5000F4CEF6 /* MyPhoto.m */ = {isa = PBXFileReference; fileEncoding = 4; lastKnownFileType = sourcecode.c.objc; path = MyPhoto.m; sourceTree = "<group>"; };
		D0B84E7511DFFD5000F4CEF6 /* MyPhotoSource.h */ = {isa = PBXFileReference; fileEncoding = 4; lastKnownFileType = sourcecode.c.h; path = MyPhotoSource.h; sourceTree = "<group>"; };
		D0B84E7611DFFD5000F4CEF6 /* MyPhotoSource.m */ = {isa = PBXFileReference; fileEncoding = 4; lastKnownFileType = sourcecode.c.objc; path = MyPhotoSource.m; sourceTree = "<group>"; };
		D0B84E9111DFFDF800F4CEF6 /* RootViewController_iPhone.h */ = {isa = PBXFileReference; fileEncoding = 4; lastKnownFileType = sourcecode.c.h; path = RootViewController_iPhone.h; sourceTree = "<group>"; };
		D0B84E9211DFFDF800F4CEF6 /* RootViewController_iPhone.m */ = {isa = PBXFileReference; fileEncoding = 4; lastKnownFileType = sourcecode.c.objc; path = RootViewController_iPhone.m; sourceTree = "<group>"; };
		D0B84E9311DFFDF800F4CEF6 /* RootViewController_iPhone.xib */ = {isa = PBXFileReference; lastKnownFileType = file.xib; path = RootViewController_iPhone.xib; sourceTree = "<group>"; };
		D0B84EE511DFFF6200F4CEF6 /* photosButton.png */ = {isa = PBXFileReference; lastKnownFileType = image.png; path = photosButton.png; sourceTree = "<group>"; };
		D0B84EE711DFFF6700F4CEF6 /* local_image_1.jpg */ = {isa = PBXFileReference; lastKnownFileType = image.jpeg; path = local_image_1.jpg; sourceTree = "<group>"; };
		D0B84F0C11E0004800F4CEF6 /* MainWindowiPhone.xib */ = {isa = PBXFileReference; lastKnownFileType = file.xib; path = MainWindowiPhone.xib; sourceTree = "<group>"; };
		D0FC1D1912761B16006C2A0F /* Foundation.framework */ = {isa = PBXFileReference; lastKnownFileType = wrapper.framework; name = Foundation.framework; path = System/Library/Frameworks/Foundation.framework; sourceTree = SDKROOT; };
		D0FC1D1D12761B1C006C2A0F /* UIKit.framework */ = {isa = PBXFileReference; lastKnownFileType = wrapper.framework; name = UIKit.framework; path = System/Library/Frameworks/UIKit.framework; sourceTree = SDKROOT; };
		D0FC1D1F12761B22006C2A0F /* CoreGraphics.framework */ = {isa = PBXFileReference; lastKnownFileType = wrapper.framework; name = CoreGraphics.framework; path = System/Library/Frameworks/CoreGraphics.framework; sourceTree = SDKROOT; };
		D0FC1D2112761B27006C2A0F /* QuartzCore.framework */ = {isa = PBXFileReference; lastKnownFileType = wrapper.framework; name = QuartzCore.framework; path = System/Library/Frameworks/QuartzCore.framework; sourceTree = SDKROOT; };
		D0FC1D2312761B2D006C2A0F /* MessageUI.framework */ = {isa = PBXFileReference; lastKnownFileType = wrapper.framework; name = MessageUI.framework; path = System/Library/Frameworks/MessageUI.framework; sourceTree = SDKROOT; };
/* End PBXFileReference section */

/* Begin PBXFrameworksBuildPhase section */
		1D60588F0D05DD3D006BFB54 /* Frameworks */ = {
			isa = PBXFrameworksBuildPhase;
			buildActionMask = 2147483647;
			files = (
				D0FC1D1A12761B16006C2A0F /* Foundation.framework in Frameworks */,
				D0FC1D1E12761B1C006C2A0F /* UIKit.framework in Frameworks */,
				D0FC1D2012761B22006C2A0F /* CoreGraphics.framework in Frameworks */,
				D0FC1D2212761B27006C2A0F /* QuartzCore.framework in Frameworks */,
				D0FC1D2412761B2D006C2A0F /* MessageUI.framework in Frameworks */,
			);
			runOnlyForDeploymentPostprocessing = 0;
		};
/* End PBXFrameworksBuildPhase section */

/* Begin PBXGroup section */
		080E96DDFE201D6D7F000001 /* Classes */ = {
			isa = PBXGroup;
			children = (
				D0B84E9011DFFDD700F4CEF6 /* iPhone_Controller */,
				D0B84E7211DFFD5000F4CEF6 /* Model */,
				1D3623240D0F684500981E51 /* EGOPhotoViewer_DemoAppDelegate.h */,
				1D3623250D0F684500981E51 /* EGOPhotoViewer_DemoAppDelegate.m */,
				28042007108E984D000629CD /* RootViewController.h */,
				28042008108E984D000629CD /* RootViewController.m */,
				28042009108E984D000629CD /* DetailViewController.h */,
				2804200A108E984D000629CD /* DetailViewController.m */,
			);
			path = Classes;
			sourceTree = "<group>";
		};
		19C28FACFE9D520D11CA2CBB /* Products */ = {
			isa = PBXGroup;
			children = (
				1D6058910D05DD3D006BFB54 /* EGOPhotoViewer_Demo.app */,
			);
			name = Products;
			sourceTree = "<group>";
		};
		29B97314FDCFA39411CA2CEA /* CustomTemplate */ = {
			isa = PBXGroup;
			children = (
				080E96DDFE201D6D7F000001 /* Classes */,
				8CDEDAB6131BEBC10014387B /* EGOPhotoViewer */,
				29B97315FDCFA39411CA2CEA /* Other Sources */,
				29B97317FDCFA39411CA2CEA /* Resources */,
				29B97323FDCFA39411CA2CEA /* Frameworks */,
				19C28FACFE9D520D11CA2CBB /* Products */,
			);
			name = CustomTemplate;
			sourceTree = "<group>";
		};
		29B97315FDCFA39411CA2CEA /* Other Sources */ = {
			isa = PBXGroup;
			children = (
				28A0AAE50D9B0CCF005BE974 /* EGOPhotoViewer_Demo_Prefix.pch */,
				29B97316FDCFA39411CA2CEA /* main.m */,
			);
			name = "Other Sources";
			sourceTree = "<group>";
		};
		29B97317FDCFA39411CA2CEA /* Resources */ = {
			isa = PBXGroup;
			children = (
				D0B84EE711DFFF6700F4CEF6 /* local_image_1.jpg */,
				03E472B8127E0D610093B3A0 /* local_image_2.jpg */,
				D0B84EE511DFFF6200F4CEF6 /* photosButton.png */,
				28AD735F0D9D9599002E5188 /* MainWindow.xib */,
				2804203B108E9BAB000629CD /* DetailView.xib */,
				8D1107310486CEB800E47090 /* EGOPhotoViewer_Demo-Info.plist */,
				D0B84F0C11E0004800F4CEF6 /* MainWindowiPhone.xib */,
			);
			name = Resources;
			sourceTree = "<group>";
		};
		29B97323FDCFA39411CA2CEA /* Frameworks */ = {
			isa = PBXGroup;
			children = (
				D0FC1D1912761B16006C2A0F /* Foundation.framework */,
				D0FC1D1D12761B1C006C2A0F /* UIKit.framework */,
				D0FC1D1F12761B22006C2A0F /* CoreGraphics.framework */,
				D0FC1D2112761B27006C2A0F /* QuartzCore.framework */,
				D0FC1D2312761B2D006C2A0F /* MessageUI.framework */,
			);
			name = Frameworks;
			sourceTree = "<group>";
		};
		8CDEDAB6131BEBC10014387B /* EGOPhotoViewer */ = {
			isa = PBXGroup;
			children = (
				8CDEDABE131BEBFF0014387B /* EGOPhotoGlobal.h */,
				8CDEDAB7131BEBFF0014387B /* Controller */,
				8CDEDABF131BEBFF0014387B /* Libraries */,
				8CDEDAC8131BEBFF0014387B /* Model */,
				8CDEDAD3131BEBFF0014387B /* Resources */,
				8CDEDADF131BEBFF0014387B /* Views */,
			);
			name = EGOPhotoViewer;
			sourceTree = "<group>";
		};
		8CDEDAB7131BEBFF0014387B /* Controller */ = {
			isa = PBXGroup;
			children = (
				8CDEDAB8131BEBFF0014387B /* EGOPhotoViewController */,
				8CDEDABB131BEBFF0014387B /* EGOThumbsViewController */,
			);
			name = Controller;
			path = ../EGOPhotoViewer/Controller;
			sourceTree = SOURCE_ROOT;
		};
		8CDEDAB8131BEBFF0014387B /* EGOPhotoViewController */ = {
			isa = PBXGroup;
			children = (
				8CDEDAB9131BEBFF0014387B /* EGOPhotoViewController.h */,
				8CDEDABA131BEBFF0014387B /* EGOPhotoViewController.m */,
			);
			path = EGOPhotoViewController;
			sourceTree = "<group>";
		};
		8CDEDABB131BEBFF0014387B /* EGOThumbsViewController */ = {
			isa = PBXGroup;
			children = (
				8CDEDABC131BEBFF0014387B /* EGOThumbsViewController.h */,
				8CDEDABD131BEBFF0014387B /* EGOThumbsViewController.m */,
			);
			path = EGOThumbsViewController;
			sourceTree = "<group>";
		};
		8CDEDABF131BEBFF0014387B /* Libraries */ = {
			isa = PBXGroup;
			children = (
				8CDEDAC0131BEBFF0014387B /* EGOCache */,
				8CDEDAC3131BEBFF0014387B /* EGOImageLoader */,
			);
			name = Libraries;
			path = ../EGOPhotoViewer/Libraries;
			sourceTree = SOURCE_ROOT;
		};
		8CDEDAC0131BEBFF0014387B /* EGOCache */ = {
			isa = PBXGroup;
			children = (
				8CDEDAC1131BEBFF0014387B /* EGOCache.h */,
				8CDEDAC2131BEBFF0014387B /* EGOCache.m */,
			);
			path = EGOCache;
			sourceTree = "<group>";
		};
		8CDEDAC3131BEBFF0014387B /* EGOImageLoader */ = {
			isa = PBXGroup;
			children = (
				8CDEDAC4131BEBFF0014387B /* EGOImageLoadConnection.h */,
				8CDEDAC5131BEBFF0014387B /* EGOImageLoadConnection.m */,
				8CDEDAC6131BEBFF0014387B /* EGOImageLoader.h */,
				8CDEDAC7131BEBFF0014387B /* EGOImageLoader.m */,
			);
			path = EGOImageLoader;
			sourceTree = "<group>";
		};
		8CDEDAC8131BEBFF0014387B /* Model */ = {
			isa = PBXGroup;
			children = (
				8CDEDAC9131BEBFF0014387B /* EGOPhotoSource */,
				8CDEDACB131BEBFF0014387B /* EGOQuickPhoto */,
				8CDEDAD0131BEBFF0014387B /* EGOStoredBarStyles */,
			);
			name = Model;
			path = ../EGOPhotoViewer/Model;
			sourceTree = SOURCE_ROOT;
		};
		8CDEDAC9131BEBFF0014387B /* EGOPhotoSource */ = {
			isa = PBXGroup;
			children = (
				8CDEDACA131BEBFF0014387B /* EGOPhotoSource.h */,
			);
			path = EGOPhotoSource;
			sourceTree = "<group>";
		};
		8CDEDACB131BEBFF0014387B /* EGOQuickPhoto */ = {
			isa = PBXGroup;
			children = (
				8CDEDACC131BEBFF0014387B /* EGOQuickPhoto.h */,
				8CDEDACD131BEBFF0014387B /* EGOQuickPhoto.m */,
				8CDEDACE131BEBFF0014387B /* EGOQuickPhotoSource.h */,
				8CDEDACF131BEBFF0014387B /* EGOQuickPhotoSource.m */,
			);
			path = EGOQuickPhoto;
			sourceTree = "<group>";
		};
		8CDEDAD0131BEBFF0014387B /* EGOStoredBarStyles */ = {
			isa = PBXGroup;
			children = (
				8CDEDAD1131BEBFF0014387B /* EGOStoredBarStyles.h */,
				8CDEDAD2131BEBFF0014387B /* EGOStoredBarStyles.m */,
			);
			path = EGOStoredBarStyles;
			sourceTree = "<group>";
		};
		8CDEDAD3131BEBFF0014387B /* Resources */ = {
			isa = PBXGroup;
			children = (
				8CDEDAD4131BEBFF0014387B /* egopv_error_placeholder.png */,
				8CDEDAD5131BEBFF0014387B /* egopv_error_placeholder@2x.png */,
				8CDEDAD6131BEBFF0014387B /* egopv_fullscreen_button.png */,
				8CDEDAD7131BEBFF0014387B /* egopv_fullscreen_button@2x.png */,
				8CDEDAD8131BEBFF0014387B /* egopv_left.png */,
				8CDEDAD9131BEBFF0014387B /* egopv_left@2x.png */,
				8CDEDADA131BEBFF0014387B /* egopv_minimize_fullscreen_button.png */,
				8CDEDADB131BEBFF0014387B /* egopv_photo_placeholder.png */,
				8CDEDADC131BEBFF0014387B /* egopv_photo_placeholder@2x.png */,
				8CDEDADD131BEBFF0014387B /* egopv_right.png */,
				8CDEDADE131BEBFF0014387B /* egopv_right@2x.png */,
			);
			name = Resources;
			path = ../EGOPhotoViewer/Resources;
			sourceTree = SOURCE_ROOT;
		};
		8CDEDADF131BEBFF0014387B /* Views */ = {
			isa = PBXGroup;
			children = (
				8CDEDAE0131BEBFF0014387B /* EGOPhotoCaptionView */,
				8CDEDAE3131BEBFF0014387B /* EGOPhotoImageView */,
				8CDEDAE6131BEBFF0014387B /* EGOPhotoScrollView */,
				8CDEDAE9131BEBFF0014387B /* EGOThumbImageView */,
				8CDEDAEC131BEBFF0014387B /* EGOThumbsScrollView */,
			);
			name = Views;
			path = ../EGOPhotoViewer/Views;
			sourceTree = SOURCE_ROOT;
		};
		8CDEDAE0131BEBFF0014387B /* EGOPhotoCaptionView */ = {
			isa = PBXGroup;
			children = (
				8CDEDAE1131BEBFF0014387B /* EGOPhotoCaptionView.h */,
				8CDEDAE2131BEBFF0014387B /* EGOPhotoCaptionView.m */,
			);
			path = EGOPhotoCaptionView;
			sourceTree = "<group>";
		};
		8CDEDAE3131BEBFF0014387B /* EGOPhotoImageView */ = {
			isa = PBXGroup;
			children = (
				8CDEDAE4131BEBFF0014387B /* EGOPhotoImageView.h */,
				8CDEDAE5131BEBFF0014387B /* EGOPhotoImageView.m */,
			);
			path = EGOPhotoImageView;
			sourceTree = "<group>";
		};
		8CDEDAE6131BEBFF0014387B /* EGOPhotoScrollView */ = {
			isa = PBXGroup;
			children = (
				8CDEDAE7131BEBFF0014387B /* EGOPhotoScrollView.h */,
				8CDEDAE8131BEBFF0014387B /* EGOPhotoScrollView.m */,
			);
			path = EGOPhotoScrollView;
			sourceTree = "<group>";
		};
		8CDEDAE9131BEBFF0014387B /* EGOThumbImageView */ = {
			isa = PBXGroup;
			children = (
				8CDEDAEA131BEBFF0014387B /* EGOThumbImageView.h */,
				8CDEDAEB131BEBFF0014387B /* EGOThumbImageView.m */,
			);
			path = EGOThumbImageView;
			sourceTree = "<group>";
		};
		8CDEDAEC131BEBFF0014387B /* EGOThumbsScrollView */ = {
			isa = PBXGroup;
			children = (
				8CDEDAED131BEBFF0014387B /* EGOThumbsScrollView.h */,
				8CDEDAEE131BEBFF0014387B /* EGOThumbsScrollView.m */,
			);
			path = EGOThumbsScrollView;
			sourceTree = "<group>";
		};
		D0B84E7211DFFD5000F4CEF6 /* Model */ = {
			isa = PBXGroup;
			children = (
				D0B84E7311DFFD5000F4CEF6 /* MyPhoto.h */,
				D0B84E7411DFFD5000F4CEF6 /* MyPhoto.m */,
				D0B84E7511DFFD5000F4CEF6 /* MyPhotoSource.h */,
				D0B84E7611DFFD5000F4CEF6 /* MyPhotoSource.m */,
			);
			path = Model;
			sourceTree = "<group>";
		};
		D0B84E9011DFFDD700F4CEF6 /* iPhone_Controller */ = {
			isa = PBXGroup;
			children = (
				D0B84E9111DFFDF800F4CEF6 /* RootViewController_iPhone.h */,
				D0B84E9211DFFDF800F4CEF6 /* RootViewController_iPhone.m */,
				D0B84E9311DFFDF800F4CEF6 /* RootViewController_iPhone.xib */,
			);
			path = iPhone_Controller;
			sourceTree = "<group>";
		};
/* End PBXGroup section */

/* Begin PBXNativeTarget section */
		1D6058900D05DD3D006BFB54 /* EGOPhotoViewer_Demo */ = {
			isa = PBXNativeTarget;
			buildConfigurationList = 1D6058960D05DD3E006BFB54 /* Build configuration list for PBXNativeTarget "EGOPhotoViewer_Demo" */;
			buildPhases = (
				1D60588D0D05DD3D006BFB54 /* Resources */,
				1D60588E0D05DD3D006BFB54 /* Sources */,
				1D60588F0D05DD3D006BFB54 /* Frameworks */,
			);
			buildRules = (
			);
			dependencies = (
			);
			name = EGOPhotoViewer_Demo;
			productName = EGOPhotoViewer_Demo;
			productReference = 1D6058910D05DD3D006BFB54 /* EGOPhotoViewer_Demo.app */;
			productType = "com.apple.product-type.application";
		};
/* End PBXNativeTarget section */

/* Begin PBXProject section */
		29B97313FDCFA39411CA2CEA /* Project object */ = {
			isa = PBXProject;
			attributes = {
				LastUpgradeCheck = 0420;
			};
			buildConfigurationList = C01FCF4E08A954540054247B /* Build configuration list for PBXProject "EGOPhotoViewer_Demo" */;
			compatibilityVersion = "Xcode 3.2";
			developmentRegion = English;
			hasScannedForEncodings = 1;
			knownRegions = (
				English,
				Japanese,
				French,
				German,
				en,
			);
			mainGroup = 29B97314FDCFA39411CA2CEA /* CustomTemplate */;
			projectDirPath = "";
			projectRoot = "";
			targets = (
				1D6058900D05DD3D006BFB54 /* EGOPhotoViewer_Demo */,
			);
		};
/* End PBXProject section */

/* Begin PBXResourcesBuildPhase section */
		1D60588D0D05DD3D006BFB54 /* Resources */ = {
			isa = PBXResourcesBuildPhase;
			buildActionMask = 2147483647;
			files = (
				28AD73600D9D9599002E5188 /* MainWindow.xib in Resources */,
				2804203C108E9BAB000629CD /* DetailView.xib in Resources */,
				D0B84E9511DFFDF800F4CEF6 /* RootViewController_iPhone.xib in Resources */,
				D0B84EE611DFFF6200F4CEF6 /* photosButton.png in Resources */,
				D0B84EE911DFFF6700F4CEF6 /* local_image_1.jpg in Resources */,
				D0B84F0D11E0004800F4CEF6 /* MainWindowiPhone.xib in Resources */,
				03E472B9127E0D610093B3A0 /* local_image_2.jpg in Resources */,
				8CDEDAF7131BEBFF0014387B /* egopv_error_placeholder.png in Resources */,
				8CDEDAF8131BEBFF0014387B /* egopv_error_placeholder@2x.png in Resources */,
				8CDEDAF9131BEBFF0014387B /* egopv_fullscreen_button.png in Resources */,
				8CDEDAFA131BEBFF0014387B /* egopv_fullscreen_button@2x.png in Resources */,
				8CDEDAFB131BEBFF0014387B /* egopv_left.png in Resources */,
				8CDEDAFC131BEBFF0014387B /* egopv_left@2x.png in Resources */,
				8CDEDAFD131BEBFF0014387B /* egopv_minimize_fullscreen_button.png in Resources */,
				8CDEDAFE131BEBFF0014387B /* egopv_photo_placeholder.png in Resources */,
				8CDEDAFF131BEBFF0014387B /* egopv_photo_placeholder@2x.png in Resources */,
				8CDEDB00131BEBFF0014387B /* egopv_right.png in Resources */,
				8CDEDB01131BEBFF0014387B /* egopv_right@2x.png in Resources */,
			);
			runOnlyForDeploymentPostprocessing = 0;
		};
/* End PBXResourcesBuildPhase section */

/* Begin PBXSourcesBuildPhase section */
		1D60588E0D05DD3D006BFB54 /* Sources */ = {
			isa = PBXSourcesBuildPhase;
			buildActionMask = 2147483647;
			files = (
				1D60589B0D05DD56006BFB54 /* main.m in Sources */,
				1D3623260D0F684500981E51 /* EGOPhotoViewer_DemoAppDelegate.m in Sources */,
				2804200B108E984D000629CD /* RootViewController.m in Sources */,
				2804200C108E984D000629CD /* DetailViewController.m in Sources */,
				D0B84E7711DFFD5000F4CEF6 /* MyPhoto.m in Sources */,
				D0B84E7811DFFD5000F4CEF6 /* MyPhotoSource.m in Sources */,
				D0B84E9411DFFDF800F4CEF6 /* RootViewController_iPhone.m in Sources */,
				8CDEDAEF131BEBFF0014387B /* EGOPhotoViewController.m in Sources */,
				8CDEDAF0131BEBFF0014387B /* EGOThumbsViewController.m in Sources */,
				8CDEDAF1131BEBFF0014387B /* EGOCache.m in Sources */,
				8CDEDAF2131BEBFF0014387B /* EGOImageLoadConnection.m in Sources */,
				8CDEDAF3131BEBFF0014387B /* EGOImageLoader.m in Sources */,
				8CDEDAF4131BEBFF0014387B /* EGOQuickPhoto.m in Sources */,
				8CDEDAF5131BEBFF0014387B /* EGOQuickPhotoSource.m in Sources */,
				8CDEDAF6131BEBFF0014387B /* EGOStoredBarStyles.m in Sources */,
				8CDEDB02131BEBFF0014387B /* EGOPhotoCaptionView.m in Sources */,
				8CDEDB03131BEBFF0014387B /* EGOPhotoImageView.m in Sources */,
				8CDEDB04131BEBFF0014387B /* EGOPhotoScrollView.m in Sources */,
				8CDEDB05131BEBFF0014387B /* EGOThumbImageView.m in Sources */,
				8CDEDB06131BEBFF0014387B /* EGOThumbsScrollView.m in Sources */,
			);
			runOnlyForDeploymentPostprocessing = 0;
		};
/* End PBXSourcesBuildPhase section */

/* Begin XCBuildConfiguration section */
		1D6058940D05DD3E006BFB54 /* Debug */ = {
			isa = XCBuildConfiguration;
			buildSettings = {
				ALWAYS_SEARCH_USER_PATHS = NO;
				"CODE_SIGN_IDENTITY[sdk=iphoneos*]" = "iPhone Developer";
				COPY_PHASE_STRIP = NO;
				GCC_DYNAMIC_NO_PIC = NO;
				GCC_OPTIMIZATION_LEVEL = 0;
				GCC_PRECOMPILE_PREFIX_HEADER = YES;
				GCC_PREFIX_HEADER = EGOPhotoViewer_Demo_Prefix.pch;
				INFOPLIST_FILE = "EGOPhotoViewer_Demo-Info.plist";
				IPHONEOS_DEPLOYMENT_TARGET = 3.0;
				PRODUCT_NAME = EGOPhotoViewer_Demo;
				"PROVISIONING_PROFILE[sdk=iphoneos*]" = "";
				SDKROOT = iphoneos;
			};
			name = Debug;
		};
		1D6058950D05DD3E006BFB54 /* Release */ = {
			isa = XCBuildConfiguration;
			buildSettings = {
				ALWAYS_SEARCH_USER_PATHS = NO;
				COPY_PHASE_STRIP = YES;
				GCC_PRECOMPILE_PREFIX_HEADER = YES;
				GCC_PREFIX_HEADER = EGOPhotoViewer_Demo_Prefix.pch;
				INFOPLIST_FILE = "EGOPhotoViewer_Demo-Info.plist";
				IPHONEOS_DEPLOYMENT_TARGET = 3.0;
				PRODUCT_NAME = EGOPhotoViewer_Demo;
				VALIDATE_PRODUCT = YES;
			};
			name = Release;
		};
		C01FCF4F08A954540054247B /* Debug */ = {
			isa = XCBuildConfiguration;
			buildSettings = {
				ARCHS = "$(ARCHS_STANDARD_32_BIT)";
				"CODE_SIGN_IDENTITY[sdk=iphoneos*]" = "iPhone Developer";
				GCC_C_LANGUAGE_STANDARD = c99;
				GCC_WARN_ABOUT_RETURN_TYPE = YES;
				GCC_WARN_UNUSED_VARIABLE = YES;
				IPHONEOS_DEPLOYMENT_TARGET = 3.2;
				PREBINDING = NO;
				SDKROOT = iphoneos;
				TARGETED_DEVICE_FAMILY = "1,2";
			};
			name = Debug;
		};
		C01FCF5008A954540054247B /* Release */ = {
			isa = XCBuildConfiguration;
			buildSettings = {
				ARCHS = "$(ARCHS_STANDARD_32_BIT)";
				"CODE_SIGN_IDENTITY[sdk=iphoneos*]" = "iPhone Developer";
				GCC_C_LANGUAGE_STANDARD = c99;
				GCC_WARN_ABOUT_RETURN_TYPE = YES;
				GCC_WARN_UNUSED_VARIABLE = YES;
				IPHONEOS_DEPLOYMENT_TARGET = 3.2;
				OTHER_CFLAGS = "-DNS_BLOCK_ASSERTIONS=1";
				PREBINDING = NO;
				SDKROOT = iphoneos;
				TARGETED_DEVICE_FAMILY = "1,2";
			};
			name = Release;
		};
/* End XCBuildConfiguration section */

/* Begin XCConfigurationList section */
		1D6058960D05DD3E006BFB54 /* Build configuration list for PBXNativeTarget "EGOPhotoViewer_Demo" */ = {
			isa = XCConfigurationList;
			buildConfigurations = (
				1D6058940D05DD3E006BFB54 /* Debug */,
				1D6058950D05DD3E006BFB54 /* Release */,
			);
			defaultConfigurationIsVisible = 0;
			defaultConfigurationName = Release;
		};
		C01FCF4E08A954540054247B /* Build configuration list for PBXProject "EGOPhotoViewer_Demo" */ = {
			isa = XCConfigurationList;
			buildConfigurations = (
				C01FCF4F08A954540054247B /* Debug */,
				C01FCF5008A954540054247B /* Release */,
			);
			defaultConfigurationIsVisible = 0;
			defaultConfigurationName = Release;
		};
/* End XCConfigurationList section */
	};
	rootObject = 29B97313FDCFA39411CA2CEA /* Project object */;
}
